<?xml version="1.0" encoding="utf-8"?>
<Project ToolsVersion="4.0" xmlns="http://schemas.microsoft.com/developer/msbuild/2003">
  <ItemGroup>
    <Filter Include="pch">
      <UniqueIdentifier>{fd5c03f6-10a8-4994-a65e-80375105155d}</UniqueIdentifier>
    </Filter>
    <Filter Include="Define">
      <UniqueIdentifier>{b1bcd4ee-853b-4526-9b3a-3e31f4859806}</UniqueIdentifier>
    </Filter>
    <Filter Include="Utility">
      <UniqueIdentifier>{009ad20a-b6a0-4e20-ab1d-5c0d9d98f3d5}</UniqueIdentifier>
    </Filter>
    <Filter Include="Utility\FileSystem">
      <UniqueIdentifier>{2e4f6b84-02c6-46b1-8315-5e91346fa389}</UniqueIdentifier>
    </Filter>
    <Filter Include="Utility\String">
      <UniqueIdentifier>{6dc04164-3b1f-46ed-ad62-85e90ff00b5a}</UniqueIdentifier>
    </Filter>
    <Filter Include="Utility\Ini">
      <UniqueIdentifier>{4bb05e09-ccd8-4177-832b-fa2268fdf018}</UniqueIdentifier>
    </Filter>
  </ItemGroup>
  <ItemGroup>
    <ClInclude Include="pch.h">
      <Filter>pch</Filter>
    </ClInclude>
    <ClInclude Include="DefineEnum.h">
      <Filter>Define</Filter>
    </ClInclude>
    <ClInclude Include="FileSystem.h">
      <Filter>Utility\FileSystem</Filter>
    </ClInclude>
    <ClInclude Include="StrUtil.h">
      <Filter>Utility\String</Filter>
    </ClInclude>
    <ClInclude Include="Singleton.h">
      <Filter>Utility</Filter>
    </ClInclude>
  </ItemGroup>
  <ItemGroup>
    <ClCompile Include="pch.cpp">
      <Filter>pch</Filter>
    </ClCompile>
    <ClCompile Include="FileSystem.cpp">
      <Filter>Utility\FileSystem</Filter>
    </ClCompile>
    <ClCompile Include="StrUtil.cpp">
      <Filter>Utility\String</Filter>
    </ClCompile>
  </ItemGroup>
</Project>